
Microsoft Visual Studio Solution File, Format Version 12.00
# Visual Studio 2013
VisualStudioVersion = 12.0.31101.0
MinimumVisualStudioVersion = 10.0.40219.1
Project("{FAE04EC0-301F-11D3-BF4B-00C04F79EFBC}") = "EndToEnd.Tests", "EndToEndTests\EndToEnd.Tests.csproj", "{8FB8CB68-1F3D-46CF-986E-6918AE75D6A6}"
EndProject
Project("{FAE04EC0-301F-11D3-BF4B-00C04F79EFBC}") = "Client", "Client\Client.csproj", "{6F595F59-04E5-4500-8893-451062B142B9}"
EndProject
Project("{2150E333-8FDC-42A3-9474-1A3956D46DE8}") = ".nuget", ".nuget", "{64EBAC24-3116-449E-8C24-EA36AE920701}"
	ProjectSection(SolutionItems) = preProject
		.nuget\NuGet.Config = .nuget\NuGet.Config
		.nuget\NuGet.exe = .nuget\NuGet.exe
		.nuget\NuGet.targets = .nuget\NuGet.targets
		.nuget\packages.config = .nuget\packages.config
	EndProjectSection
EndProject
Project("{FAE04EC0-301F-11D3-BF4B-00C04F79EFBC}") = "Common", "Common\Common.csproj", "{9FA45D25-4549-4DE4-9827-0B218EBAB7CE}"
EndProject
Project("{FAE04EC0-301F-11D3-BF4B-00C04F79EFBC}") = "Model", "Model\Model.csproj", "{73D68FF8-7F66-426F-8320-89BC224D3B09}"
EndProject
Project("{FAE04EC0-301F-11D3-BF4B-00C04F79EFBC}") = "Storage", "Storage\Storage.csproj", "{90E34909-07F8-4EAC-BF0E-285474BFD909}"
EndProject
Project("{FAE04EC0-301F-11D3-BF4B-00C04F79EFBC}") = "Frontend", "Frontend\Frontend.csproj", "{4E84C04B-D78D-433D-97EA-CB52B72C04C6}"
EndProject
Global
	GlobalSection(SolutionConfigurationPlatforms) = preSolution
		Debug|Any CPU = Debug|Any CPU
		Release|Any CPU = Release|Any CPU
	EndGlobalSection
	GlobalSection(ProjectConfigurationPlatforms) = postSolution
		{8FB8CB68-1F3D-46CF-986E-6918AE75D6A6}.Debug|Any CPU.ActiveCfg = Debug|Any CPU
		{8FB8CB68-1F3D-46CF-986E-6918AE75D6A6}.Debug|Any CPU.Build.0 = Debug|Any CPU
		{8FB8CB68-1F3D-46CF-986E-6918AE75D6A6}.Release|Any CPU.ActiveCfg = Release|Any CPU
		{8FB8CB68-1F3D-46CF-986E-6918AE75D6A6}.Release|Any CPU.Build.0 = Release|Any CPU
		{6F595F59-04E5-4500-8893-451062B142B9}.Debug|Any CPU.ActiveCfg = Debug|Any CPU
		{6F595F59-04E5-4500-8893-451062B142B9}.Debug|Any CPU.Build.0 = Debug|Any CPU
		{6F595F59-04E5-4500-8893-451062B142B9}.Release|Any CPU.ActiveCfg = Release|Any CPU
		{6F595F59-04E5-4500-8893-451062B142B9}.Release|Any CPU.Build.0 = Release|Any CPU
		{9FA45D25-4549-4DE4-9827-0B218EBAB7CE}.Debug|Any CPU.ActiveCfg = Debug|Any CPU
		{9FA45D25-4549-4DE4-9827-0B218EBAB7CE}.Debug|Any CPU.Build.0 = Debug|Any CPU
		{9FA45D25-4549-4DE4-9827-0B218EBAB7CE}.Release|Any CPU.ActiveCfg = Release|Any CPU
		{9FA45D25-4549-4DE4-9827-0B218EBAB7CE}.Release|Any CPU.Build.0 = Release|Any CPU
		{73D68FF8-7F66-426F-8320-89BC224D3B09}.Debug|Any CPU.ActiveCfg = Debug|Any CPU
		{73D68FF8-7F66-426F-8320-89BC224D3B09}.Debug|Any CPU.Build.0 = Debug|Any CPU
		{73D68FF8-7F66-426F-8320-89BC224D3B09}.Release|Any CPU.ActiveCfg = Release|Any CPU
		{73D68FF8-7F66-426F-8320-89BC224D3B09}.Release|Any CPU.Build.0 = Release|Any CPU
		{90E34909-07F8-4EAC-BF0E-285474BFD909}.Debug|Any CPU.ActiveCfg = Debug|Any CPU
		{90E34909-07F8-4EAC-BF0E-285474BFD909}.Debug|Any CPU.Build.0 = Debug|Any CPU
		{90E34909-07F8-4EAC-BF0E-285474BFD909}.Release|Any CPU.ActiveCfg = Release|Any CPU
		{90E34909-07F8-4EAC-BF0E-285474BFD909}.Release|Any CPU.Build.0 = Release|Any CPU
		{4E84C04B-D78D-433D-97EA-CB52B72C04C6}.Debug|Any CPU.ActiveCfg = Debug|Any CPU
		{4E84C04B-D78D-433D-97EA-CB52B72C04C6}.Debug|Any CPU.Build.0 = Debug|Any CPU
		{4E84C04B-D78D-433D-97EA-CB52B72C04C6}.Release|Any CPU.ActiveCfg = Release|Any CPU
		{4E84C04B-D78D-433D-97EA-CB52B72C04C6}.Release|Any CPU.Build.0 = Release|Any CPU
	EndGlobalSection
	GlobalSection(SolutionProperties) = preSolution
		HideSolutionNode = FALSE
	EndGlobalSection
EndGlobal
